
Microsoft Visual Studio Solution File, Format Version 12.00
# Visual Studio Version 17
VisualStudioVersion = 17.11.35327.3
MinimumVisualStudioVersion = 10.0.40219.1
Project("{FAE04EC0-301F-11D3-BF4B-00C04F79EFBC}") = "xadrez-console", "xadrez-console\xadrez-console.csproj", "{165D92E7-4B5D-4E23-A8CD-671C6E81CABA}"
EndProject
Global
	GlobalSection(SolutionConfigurationPlatforms) = preSolution
		Debug|Any CPU = Debug|Any CPU
		Release|Any CPU = Release|Any CPU
	EndGlobalSection
	GlobalSection(ProjectConfigurationPlatforms) = postSolution
		{165D92E7-4B5D-4E23-A8CD-671C6E81CABA}.Debug|Any CPU.ActiveCfg = Debug|Any CPU
		{165D92E7-4B5D-4E23-A8CD-671C6E81CABA}.Debug|Any CPU.Build.0 = Debug|Any CPU
		{165D92E7-4B5D-4E23-A8CD-671C6E81CABA}.Release|Any CPU.ActiveCfg = Release|Any CPU
		{165D92E7-4B5D-4E23-A8CD-671C6E81CABA}.Release|Any CPU.Build.0 = Release|Any CPU
	EndGlobalSection
	GlobalSection(SolutionProperties) = preSolution
		HideSolutionNode = FALSE
	EndGlobalSection
	GlobalSection(ExtensibilityGlobals) = postSolution
		SolutionGuid = {C31F8B32-B6E0-458E-8F67-9EAEEDDDF4CC}
	EndGlobalSection
EndGlobal
